// !$*UTF8*$!
{
	archiveVersion = 1;
	classes = {
	};
	objectVersion = 48;
	objects = {

/* Begin PBXBuildFile section */
		BDDA5B1BC9DDD07AC8A98A6E /* Pods_MyMed.framework in Frameworks */ = {isa = PBXBuildFile; fileRef = FACBD54166C7501DB7D03609 /* Pods_MyMed.framework */; };
		C1F17B5A204E2C60007A07CF /* PlayersManagedObject.swift in Sources */ = {isa = PBXBuildFile; fileRef = C1F17B4B204E2C5F007A07CF /* PlayersManagedObject.swift */; };
		C1F17B5B204E2C60007A07CF /* AppDelegate 2.swift in Sources */ = {isa = PBXBuildFile; fileRef = C1F17B4C204E2C5F007A07CF /* AppDelegate 2.swift */; };
		C1F17B5C204E2C60007A07CF /* GameCell.swift in Sources */ = {isa = PBXBuildFile; fileRef = C1F17B4D204E2C5F007A07CF /* GameCell.swift */; };
		C1F17B5D204E2C60007A07CF /* Main.storyboard in Resources */ = {isa = PBXBuildFile; fileRef = C1F17B4E204E2C5F007A07CF /* Main.storyboard */; };
		C1F17B5E204E2C60007A07CF /* Info 2.plist in Resources */ = {isa = PBXBuildFile; fileRef = C1F17B4F204E2C60007A07CF /* Info 2.plist */; };
		C1F17B5F204E2C60007A07CF /* Player.swift in Sources */ = {isa = PBXBuildFile; fileRef = C1F17B50204E2C60007A07CF /* Player.swift */; };
		C1F17B60204E2C60007A07CF /* ContactCell.swift in Sources */ = {isa = PBXBuildFile; fileRef = C1F17B51204E2C60007A07CF /* ContactCell.swift */; };
		C1F17B61204E2C60007A07CF /* GameCell.xib in Resources */ = {isa = PBXBuildFile; fileRef = C1F17B52204E2C60007A07CF /* GameCell.xib */; };
		C1F17B62204E2C60007A07CF /* LaunchScreen.swift in Sources */ = {isa = PBXBuildFile; fileRef = C1F17B53204E2C60007A07CF /* LaunchScreen.swift */; };
		C1F17B63204E2C60007A07CF /* AddFriendsViewController.swift in Sources */ = {isa = PBXBuildFile; fileRef = C1F17B54204E2C60007A07CF /* AddFriendsViewController.swift */; };
		C1F17B64204E2C60007A07CF /* Games.swift in Sources */ = {isa = PBXBuildFile; fileRef = C1F17B55204E2C60007A07CF /* Games.swift */; };
		C1F17B65204E2C60007A07CF /* GamesViewController.swift in Sources */ = {isa = PBXBuildFile; fileRef = C1F17B56204E2C60007A07CF /* GamesViewController.swift */; };
		C1F17B66204E2C60007A07CF /* GamOnModel.xcdatamodeld in Sources */ = {isa = PBXBuildFile; fileRef = C1F17B57204E2C60007A07CF /* GamOnModel.xcdatamodeld */; };
		C1F17B67204E2C60007A07CF /* ContactCell.xib in Resources */ = {isa = PBXBuildFile; fileRef = C1F17B59204E2C60007A07CF /* ContactCell.xib */; };
		C1F17B6A204E2C80007A07CF /* UIColor.swift in Sources */ = {isa = PBXBuildFile; fileRef = C1F17B69204E2C80007A07CF /* UIColor.swift */; };
		C1F1B2A5204C4E340013AAFA /* GoogleService-Info.plist in Resources */ = {isa = PBXBuildFile; fileRef = C1F1B2A4204C4E340013AAFA /* GoogleService-Info.plist */; };
		C1FBDDB1204C43BA00D2D0DB /* AppDelegate.swift in Sources */ = {isa = PBXBuildFile; fileRef = C1FBDDB0204C43BA00D2D0DB /* AppDelegate.swift */; };
		C1FBDDBB204C43BA00D2D0DB /* Assets.xcassets in Resources */ = {isa = PBXBuildFile; fileRef = C1FBDDBA204C43BA00D2D0DB /* Assets.xcassets */; };
/* End PBXBuildFile section */

/* Begin PBXFileReference section */
		6E29347910F3939406DE8A8E /* Pods-MyMed.release.xcconfig */ = {isa = PBXFileReference; includeInIndex = 1; lastKnownFileType = text.xcconfig; name = "Pods-MyMed.release.xcconfig"; path = "Pods/Target Support Files/Pods-MyMed/Pods-MyMed.release.xcconfig"; sourceTree = "<group>"; };
		8B00DF458F8E59C8B6C2A6AB /* Pods-MyMed.debug.xcconfig */ = {isa = PBXFileReference; includeInIndex = 1; lastKnownFileType = text.xcconfig; name = "Pods-MyMed.debug.xcconfig"; path = "Pods/Target Support Files/Pods-MyMed/Pods-MyMed.debug.xcconfig"; sourceTree = "<group>"; };
		C1F17B4B204E2C5F007A07CF /* PlayersManagedObject.swift */ = {isa = PBXFileReference; fileEncoding = 4; lastKnownFileType = sourcecode.swift; path = PlayersManagedObject.swift; sourceTree = "<group>"; };
		C1F17B4C204E2C5F007A07CF /* AppDelegate 2.swift */ = {isa = PBXFileReference; fileEncoding = 4; lastKnownFileType = sourcecode.swift; path = "AppDelegate 2.swift"; sourceTree = "<group>"; };
		C1F17B4D204E2C5F007A07CF /* GameCell.swift */ = {isa = PBXFileReference; fileEncoding = 4; lastKnownFileType = sourcecode.swift; path = GameCell.swift; sourceTree = "<group>"; };
		C1F17B4E204E2C5F007A07CF /* Main.storyboard */ = {isa = PBXFileReference; fileEncoding = 4; lastKnownFileType = file.storyboard; path = Main.storyboard; sourceTree = "<group>"; };
		C1F17B4F204E2C60007A07CF /* Info 2.plist */ = {isa = PBXFileReference; fileEncoding = 4; lastKnownFileType = text.plist.xml; path = "Info 2.plist"; sourceTree = "<group>"; };
		C1F17B50204E2C60007A07CF /* Player.swift */ = {isa = PBXFileReference; fileEncoding = 4; lastKnownFileType = sourcecode.swift; path = Player.swift; sourceTree = "<group>"; };
		C1F17B51204E2C60007A07CF /* ContactCell.swift */ = {isa = PBXFileReference; fileEncoding = 4; lastKnownFileType = sourcecode.swift; path = ContactCell.swift; sourceTree = "<group>"; };
		C1F17B52204E2C60007A07CF /* GameCell.xib */ = {isa = PBXFileReference; fileEncoding = 4; lastKnownFileType = file.xib; path = GameCell.xib; sourceTree = "<group>"; };
		C1F17B53204E2C60007A07CF /* LaunchScreen.swift */ = {isa = PBXFileReference; fileEncoding = 4; lastKnownFileType = sourcecode.swift; path = LaunchScreen.swift; sourceTree = "<group>"; };
		C1F17B54204E2C60007A07CF /* AddFriendsViewController.swift */ = {isa = PBXFileReference; fileEncoding = 4; lastKnownFileType = sourcecode.swift; path = AddFriendsViewController.swift; sourceTree = "<group>"; };
		C1F17B55204E2C60007A07CF /* Games.swift */ = {isa = PBXFileReference; fileEncoding = 4; lastKnownFileType = sourcecode.swift; path = Games.swift; sourceTree = "<group>"; };
		C1F17B56204E2C60007A07CF /* GamesViewController.swift */ = {isa = PBXFileReference; fileEncoding = 4; lastKnownFileType = sourcecode.swift; path = GamesViewController.swift; sourceTree = "<group>"; };
		C1F17B58204E2C60007A07CF /* GamOnModel.xcdatamodel */ = {isa = PBXFileReference; lastKnownFileType = wrapper.xcdatamodel; path = GamOnModel.xcdatamodel; sourceTree = "<group>"; };
		C1F17B59204E2C60007A07CF /* ContactCell.xib */ = {isa = PBXFileReference; fileEncoding = 4; lastKnownFileType = file.xib; path = ContactCell.xib; sourceTree = "<group>"; };
		C1F17B69204E2C80007A07CF /* UIColor.swift */ = {isa = PBXFileReference; fileEncoding = 4; lastKnownFileType = sourcecode.swift; name = UIColor.swift; path = GamOn/Extensions/UIColor.swift; sourceTree = SOURCE_ROOT; };
		C1F1B2A4204C4E340013AAFA /* GoogleService-Info.plist */ = {isa = PBXFileReference; fileEncoding = 4; lastKnownFileType = text.plist.xml; path = "GoogleService-Info.plist"; sourceTree = "<group>"; };
		C1FBDDAD204C43BA00D2D0DB /* GamOn.app */ = {isa = PBXFileReference; explicitFileType = wrapper.application; includeInIndex = 0; path = GamOn.app; sourceTree = BUILT_PRODUCTS_DIR; };
		C1FBDDB0204C43BA00D2D0DB /* AppDelegate.swift */ = {isa = PBXFileReference; lastKnownFileType = sourcecode.swift; path = AppDelegate.swift; sourceTree = "<group>"; };
		C1FBDDBA204C43BA00D2D0DB /* Assets.xcassets */ = {isa = PBXFileReference; lastKnownFileType = folder.assetcatalog; path = Assets.xcassets; sourceTree = "<group>"; };
		C1FBDDBF204C43BA00D2D0DB /* Info.plist */ = {isa = PBXFileReference; lastKnownFileType = text.plist.xml; path = Info.plist; sourceTree = "<group>"; };
		FACBD54166C7501DB7D03609 /* Pods_MyMed.framework */ = {isa = PBXFileReference; explicitFileType = wrapper.framework; includeInIndex = 0; path = Pods_MyMed.framework; sourceTree = BUILT_PRODUCTS_DIR; };
/* End PBXFileReference section */

/* Begin PBXFrameworksBuildPhase section */
		C1FBDDAA204C43BA00D2D0DB /* Frameworks */ = {
			isa = PBXFrameworksBuildPhase;
			buildActionMask = 2147483647;
			files = (
				BDDA5B1BC9DDD07AC8A98A6E /* Pods_MyMed.framework in Frameworks */,
			);
			runOnlyForDeploymentPostprocessing = 0;
		};
/* End PBXFrameworksBuildPhase section */

/* Begin PBXGroup section */
		989F43DA7F7365A8FEEBD2D0 /* Pods */ = {
			isa = PBXGroup;
			children = (
				8B00DF458F8E59C8B6C2A6AB /* Pods-MyMed.debug.xcconfig */,
				6E29347910F3939406DE8A8E /* Pods-MyMed.release.xcconfig */,
			);
			name = Pods;
			sourceTree = "<group>";
		};
		C1F17B68204E2C6A007A07CF /* Extensions */ = {
			isa = PBXGroup;
			children = (
				C1F17B69204E2C80007A07CF /* UIColor.swift */,
			);
			name = Extensions;
			path = "New Group";
			sourceTree = "<group>";
		};
		C1FBDDA4204C43BA00D2D0DB = {
			isa = PBXGroup;
			children = (
				C1FBDDAF204C43BA00D2D0DB /* GamOn */,
				C1FBDDAE204C43BA00D2D0DB /* Products */,
				989F43DA7F7365A8FEEBD2D0 /* Pods */,
				F03B393E7FF738D311137F71 /* Frameworks */,
			);
			sourceTree = "<group>";
		};
		C1FBDDAE204C43BA00D2D0DB /* Products */ = {
			isa = PBXGroup;
			children = (
				C1FBDDAD204C43BA00D2D0DB /* GamOn.app */,
			);
			name = Products;
			sourceTree = "<group>";
		};
		C1FBDDAF204C43BA00D2D0DB /* GamOn */ = {
			isa = PBXGroup;
			children = (
				C1F17B68204E2C6A007A07CF /* Extensions */,
				C1F17B54204E2C60007A07CF /* AddFriendsViewController.swift */,
				C1F17B4C204E2C5F007A07CF /* AppDelegate 2.swift */,
				C1F17B51204E2C60007A07CF /* ContactCell.swift */,
				C1F17B59204E2C60007A07CF /* ContactCell.xib */,
				C1F17B4D204E2C5F007A07CF /* GameCell.swift */,
				C1F17B52204E2C60007A07CF /* GameCell.xib */,
				C1F17B55204E2C60007A07CF /* Games.swift */,
				C1F17B56204E2C60007A07CF /* GamesViewController.swift */,
				C1F17B57204E2C60007A07CF /* GamOnModel.xcdatamodeld */,
				C1F17B4F204E2C60007A07CF /* Info 2.plist */,
				C1F17B53204E2C60007A07CF /* LaunchScreen.swift */,
				C1F17B4E204E2C5F007A07CF /* Main.storyboard */,
				C1F17B50204E2C60007A07CF /* Player.swift */,
				C1F17B4B204E2C5F007A07CF /* PlayersManagedObject.swift */,
				C1FBDDB0204C43BA00D2D0DB /* AppDelegate.swift */,
				C1FBDDBA204C43BA00D2D0DB /* Assets.xcassets */,
				C1FBDDBF204C43BA00D2D0DB /* Info.plist */,
				C1F1B2A4204C4E340013AAFA /* GoogleService-Info.plist */,
			);
			path = GamOn;
			sourceTree = "<group>";
		};
		F03B393E7FF738D311137F71 /* Frameworks */ = {
			isa = PBXGroup;
			children = (
				FACBD54166C7501DB7D03609 /* Pods_MyMed.framework */,
			);
			name = Frameworks;
			sourceTree = "<group>";
		};
/* End PBXGroup section */

/* Begin PBXNativeTarget section */
		C1FBDDAC204C43BA00D2D0DB /* GamOn */ = {
			isa = PBXNativeTarget;
			buildConfigurationList = C1FBDDC2204C43BA00D2D0DB /* Build configuration list for PBXNativeTarget "GamOn" */;
			buildPhases = (
				698342E448B2C56D89F64735 /* [CP] Check Pods Manifest.lock */,
				C1FBDDA9204C43BA00D2D0DB /* Sources */,
				C1FBDDAA204C43BA00D2D0DB /* Frameworks */,
				C1FBDDAB204C43BA00D2D0DB /* Resources */,
				E47A74864B01437C25F43D24 /* [CP] Embed Pods Frameworks */,
				FD02E1595D183883A300ACB7 /* [CP] Copy Pods Resources */,
			);
			buildRules = (
			);
			dependencies = (
			);
			name = GamOn;
			productName = MyMed;
			productReference = C1FBDDAD204C43BA00D2D0DB /* GamOn.app */;
			productType = "com.apple.product-type.application";
		};
/* End PBXNativeTarget section */

/* Begin PBXProject section */
		C1FBDDA5204C43BA00D2D0DB /* Project object */ = {
			isa = PBXProject;
			attributes = {
				LastSwiftUpdateCheck = 0920;
				LastUpgradeCheck = 0920;
				ORGANIZATIONNAME = "Shahla Almasri Hafez";
				TargetAttributes = {
					C1FBDDAC204C43BA00D2D0DB = {
						CreatedOnToolsVersion = 9.2;
						ProvisioningStyle = Automatic;
						SystemCapabilities = {
							com.apple.Keychain = {
								enabled = 1;
							};
						};
					};
				};
			};
			buildConfigurationList = C1FBDDA8204C43BA00D2D0DB /* Build configuration list for PBXProject "GamOn" */;
			compatibilityVersion = "Xcode 8.0";
			developmentRegion = en;
			hasScannedForEncodings = 0;
			knownRegions = (
				en,
				Base,
			);
			mainGroup = C1FBDDA4204C43BA00D2D0DB;
			productRefGroup = C1FBDDAE204C43BA00D2D0DB /* Products */;
			projectDirPath = "";
			projectRoot = "";
			targets = (
				C1FBDDAC204C43BA00D2D0DB /* GamOn */,
			);
		};
/* End PBXProject section */

/* Begin PBXResourcesBuildPhase section */
		C1FBDDAB204C43BA00D2D0DB /* Resources */ = {
			isa = PBXResourcesBuildPhase;
			buildActionMask = 2147483647;
			files = (
				C1F17B67204E2C60007A07CF /* ContactCell.xib in Resources */,
				C1F17B5E204E2C60007A07CF /* Info 2.plist in Resources */,
				C1F17B61204E2C60007A07CF /* GameCell.xib in Resources */,
				C1F17B5D204E2C60007A07CF /* Main.storyboard in Resources */,
				C1F1B2A5204C4E340013AAFA /* GoogleService-Info.plist in Resources */,
				C1FBDDBB204C43BA00D2D0DB /* Assets.xcassets in Resources */,
			);
			runOnlyForDeploymentPostprocessing = 0;
		};
/* End PBXResourcesBuildPhase section */

/* Begin PBXShellScriptBuildPhase section */
		698342E448B2C56D89F64735 /* [CP] Check Pods Manifest.lock */ = {
			isa = PBXShellScriptBuildPhase;
			buildActionMask = 2147483647;
			files = (
			);
			inputPaths = (
				"${PODS_PODFILE_DIR_PATH}/Podfile.lock",
				"${PODS_ROOT}/Manifest.lock",
			);
			name = "[CP] Check Pods Manifest.lock";
			outputPaths = (
				"$(DERIVED_FILE_DIR)/Pods-MyMed-checkManifestLockResult.txt",
			);
			runOnlyForDeploymentPostprocessing = 0;
			shellPath = /bin/sh;
			shellScript = "diff \"${PODS_PODFILE_DIR_PATH}/Podfile.lock\" \"${PODS_ROOT}/Manifest.lock\" > /dev/null\nif [ $? != 0 ] ; then\n    # print error to STDERR\n    echo \"error: The sandbox is not in sync with the Podfile.lock. Run 'pod install' or update your CocoaPods installation.\" >&2\n    exit 1\nfi\n# This output is used by Xcode 'outputs' to avoid re-running this script phase.\necho \"SUCCESS\" > \"${SCRIPT_OUTPUT_FILE_0}\"\n";
			showEnvVarsInLog = 0;
		};
		E47A74864B01437C25F43D24 /* [CP] Embed Pods Frameworks */ = {
			isa = PBXShellScriptBuildPhase;
			buildActionMask = 2147483647;
			files = (
			);
			inputPaths = (
				"${SRCROOT}/Pods/Target Support Files/Pods-MyMed/Pods-MyMed-frameworks.sh",
				"${BUILT_PRODUCTS_DIR}/GTMSessionFetcher/GTMSessionFetcher.framework",
				"${BUILT_PRODUCTS_DIR}/GoogleToolboxForMac/GoogleToolboxForMac.framework",
				"${BUILT_PRODUCTS_DIR}/leveldb-library/leveldb.framework",
				"${BUILT_PRODUCTS_DIR}/nanopb/nanopb.framework",
			);
			name = "[CP] Embed Pods Frameworks";
			outputPaths = (
				"${TARGET_BUILD_DIR}/${FRAMEWORKS_FOLDER_PATH}/GTMSessionFetcher.framework",
				"${TARGET_BUILD_DIR}/${FRAMEWORKS_FOLDER_PATH}/GoogleToolboxForMac.framework",
				"${TARGET_BUILD_DIR}/${FRAMEWORKS_FOLDER_PATH}/leveldb.framework",
				"${TARGET_BUILD_DIR}/${FRAMEWORKS_FOLDER_PATH}/nanopb.framework",
			);
			runOnlyForDeploymentPostprocessing = 0;
			shellPath = /bin/sh;
			shellScript = "\"${SRCROOT}/Pods/Target Support Files/Pods-MyMed/Pods-MyMed-frameworks.sh\"\n";
			showEnvVarsInLog = 0;
		};
		FD02E1595D183883A300ACB7 /* [CP] Copy Pods Resources */ = {
			isa = PBXShellScriptBuildPhase;
			buildActionMask = 2147483647;
			files = (
			);
			inputPaths = (
			);
			name = "[CP] Copy Pods Resources";
			outputPaths = (
			);
			runOnlyForDeploymentPostprocessing = 0;
			shellPath = /bin/sh;
			shellScript = "\"${SRCROOT}/Pods/Target Support Files/Pods-MyMed/Pods-MyMed-resources.sh\"\n";
			showEnvVarsInLog = 0;
		};
/* End PBXShellScriptBuildPhase section */

/* Begin PBXSourcesBuildPhase section */
		C1FBDDA9204C43BA00D2D0DB /* Sources */ = {
			isa = PBXSourcesBuildPhase;
			buildActionMask = 2147483647;
			files = (
				C1F17B62204E2C60007A07CF /* LaunchScreen.swift in Sources */,
				C1F17B6A204E2C80007A07CF /* UIColor.swift in Sources */,
				C1F17B60204E2C60007A07CF /* ContactCell.swift in Sources */,
				C1FBDDB1204C43BA00D2D0DB /* AppDelegate.swift in Sources */,
				C1F17B64204E2C60007A07CF /* Games.swift in Sources */,
				C1F17B66204E2C60007A07CF /* GamOnModel.xcdatamodeld in Sources */,
				C1F17B65204E2C60007A07CF /* GamesViewController.swift in Sources */,
				C1F17B5B204E2C60007A07CF /* AppDelegate 2.swift in Sources */,
				C1F17B63204E2C60007A07CF /* AddFriendsViewController.swift in Sources */,
				C1F17B5A204E2C60007A07CF /* PlayersManagedObject.swift in Sources */,
				C1F17B5F204E2C60007A07CF /* Player.swift in Sources */,
				C1F17B5C204E2C60007A07CF /* GameCell.swift in Sources */,
			);
			runOnlyForDeploymentPostprocessing = 0;
		};
/* End PBXSourcesBuildPhase section */

/* Begin XCBuildConfiguration section */
		C1FBDDC0204C43BA00D2D0DB /* Debug */ = {
			isa = XCBuildConfiguration;
			buildSettings = {
				ALWAYS_SEARCH_USER_PATHS = NO;
				CLANG_ANALYZER_NONNULL = YES;
				CLANG_ANALYZER_NUMBER_OBJECT_CONVERSION = YES_AGGRESSIVE;
				CLANG_CXX_LANGUAGE_STANDARD = "gnu++14";
				CLANG_CXX_LIBRARY = "libc++";
				CLANG_ENABLE_MODULES = YES;
				CLANG_ENABLE_OBJC_ARC = YES;
				CLANG_WARN_BLOCK_CAPTURE_AUTORELEASING = YES;
				CLANG_WARN_BOOL_CONVERSION = YES;
				CLANG_WARN_COMMA = YES;
				CLANG_WARN_CONSTANT_CONVERSION = YES;
				CLANG_WARN_DIRECT_OBJC_ISA_USAGE = YES_ERROR;
				CLANG_WARN_DOCUMENTATION_COMMENTS = YES;
				CLANG_WARN_EMPTY_BODY = YES;
				CLANG_WARN_ENUM_CONVERSION = YES;
				CLANG_WARN_INFINITE_RECURSION = YES;
				CLANG_WARN_INT_CONVERSION = YES;
				CLANG_WARN_NON_LITERAL_NULL_CONVERSION = YES;
				CLANG_WARN_OBJC_LITERAL_CONVERSION = YES;
				CLANG_WARN_OBJC_ROOT_CLASS = YES_ERROR;
				CLANG_WARN_RANGE_LOOP_ANALYSIS = YES;
				CLANG_WARN_STRICT_PROTOTYPES = YES;
				CLANG_WARN_SUSPICIOUS_MOVE = YES;
				CLANG_WARN_UNGUARDED_AVAILABILITY = YES_AGGRESSIVE;
				CLANG_WARN_UNREACHABLE_CODE = YES;
				CLANG_WARN__DUPLICATE_METHOD_MATCH = YES;
				CODE_SIGN_IDENTITY = "iPhone Developer";
				COPY_PHASE_STRIP = NO;
				DEBUG_INFORMATION_FORMAT = dwarf;
				ENABLE_STRICT_OBJC_MSGSEND = YES;
				ENABLE_TESTABILITY = YES;
				GCC_C_LANGUAGE_STANDARD = gnu11;
				GCC_DYNAMIC_NO_PIC = NO;
				GCC_NO_COMMON_BLOCKS = YES;
				GCC_OPTIMIZATION_LEVEL = 0;
				GCC_PREPROCESSOR_DEFINITIONS = (
					"DEBUG=1",
					"$(inherited)",
				);
				GCC_WARN_64_TO_32_BIT_CONVERSION = YES;
				GCC_WARN_ABOUT_RETURN_TYPE = YES_ERROR;
				GCC_WARN_UNDECLARED_SELECTOR = YES;
				GCC_WARN_UNINITIALIZED_AUTOS = YES_AGGRESSIVE;
				GCC_WARN_UNUSED_FUNCTION = YES;
				GCC_WARN_UNUSED_VARIABLE = YES;
				IPHONEOS_DEPLOYMENT_TARGET = 11.2;
				MTL_ENABLE_DEBUG_INFO = YES;
				ONLY_ACTIVE_ARCH = YES;
				SDKROOT = iphoneos;
				SWIFT_ACTIVE_COMPILATION_CONDITIONS = DEBUG;
				SWIFT_OPTIMIZATION_LEVEL = "-Onone";
			};
			name = Debug;
		};
		C1FBDDC1204C43BA00D2D0DB /* Release */ = {
			isa = XCBuildConfiguration;
			buildSettings = {
				ALWAYS_SEARCH_USER_PATHS = NO;
				CLANG_ANALYZER_NONNULL = YES;
				CLANG_ANALYZER_NUMBER_OBJECT_CONVERSION = YES_AGGRESSIVE;
				CLANG_CXX_LANGUAGE_STANDARD = "gnu++14";
				CLANG_CXX_LIBRARY = "libc++";
				CLANG_ENABLE_MODULES = YES;
				CLANG_ENABLE_OBJC_ARC = YES;
				CLANG_WARN_BLOCK_CAPTURE_AUTORELEASING = YES;
				CLANG_WARN_BOOL_CONVERSION = YES;
				CLANG_WARN_COMMA = YES;
				CLANG_WARN_CONSTANT_CONVERSION = YES;
				CLANG_WARN_DIRECT_OBJC_ISA_USAGE = YES_ERROR;
				CLANG_WARN_DOCUMENTATION_COMMENTS = YES;
				CLANG_WARN_EMPTY_BODY = YES;
				CLANG_WARN_ENUM_CONVERSION = YES;
				CLANG_WARN_INFINITE_RECURSION = YES;
				CLANG_WARN_INT_CONVERSION = YES;
				CLANG_WARN_NON_LITERAL_NULL_CONVERSION = YES;
				CLANG_WARN_OBJC_LITERAL_CONVERSION = YES;
				CLANG_WARN_OBJC_ROOT_CLASS = YES_ERROR;
				CLANG_WARN_RANGE_LOOP_ANALYSIS = YES;
				CLANG_WARN_STRICT_PROTOTYPES = YES;
				CLANG_WARN_SUSPICIOUS_MOVE = YES;
				CLANG_WARN_UNGUARDED_AVAILABILITY = YES_AGGRESSIVE;
				CLANG_WARN_UNREACHABLE_CODE = YES;
				CLANG_WARN__DUPLICATE_METHOD_MATCH = YES;
				CODE_SIGN_IDENTITY = "iPhone Developer";
				COPY_PHASE_STRIP = NO;
				DEBUG_INFORMATION_FORMAT = "dwarf-with-dsym";
				ENABLE_NS_ASSERTIONS = NO;
				ENABLE_STRICT_OBJC_MSGSEND = YES;
				GCC_C_LANGUAGE_STANDARD = gnu11;
				GCC_NO_COMMON_BLOCKS = YES;
				GCC_WARN_64_TO_32_BIT_CONVERSION = YES;
				GCC_WARN_ABOUT_RETURN_TYPE = YES_ERROR;
				GCC_WARN_UNDECLARED_SELECTOR = YES;
				GCC_WARN_UNINITIALIZED_AUTOS = YES_AGGRESSIVE;
				GCC_WARN_UNUSED_FUNCTION = YES;
				GCC_WARN_UNUSED_VARIABLE = YES;
				IPHONEOS_DEPLOYMENT_TARGET = 11.2;
				MTL_ENABLE_DEBUG_INFO = NO;
				SDKROOT = iphoneos;
				SWIFT_OPTIMIZATION_LEVEL = "-Owholemodule";
				VALIDATE_PRODUCT = YES;
			};
			name = Release;
		};
		C1FBDDC3204C43BA00D2D0DB /* Debug */ = {
			isa = XCBuildConfiguration;
			baseConfigurationReference = 8B00DF458F8E59C8B6C2A6AB /* Pods-MyMed.debug.xcconfig */;
			buildSettings = {
				ASSETCATALOG_COMPILER_APPICON_NAME = AppIcon;
				CODE_SIGN_ENTITLEMENTS = MyMed/MyMed.entitlements;
				CODE_SIGN_STYLE = Automatic;
				DEVELOPMENT_TEAM = U58JJ34DR4;
				INFOPLIST_FILE = MyMed/Info.plist;
				LD_RUNPATH_SEARCH_PATHS = "$(inherited) @executable_path/Frameworks";
				PRODUCT_BUNDLE_IDENTIFIER = com.almasris.MyMed;
				PRODUCT_NAME = "$(TARGET_NAME)";
				SWIFT_VERSION = 4.0;
				TARGETED_DEVICE_FAMILY = "1,2";
			};
			name = Debug;
		};
		C1FBDDC4204C43BA00D2D0DB /* Release */ = {
			isa = XCBuildConfiguration;
			baseConfigurationReference = 6E29347910F3939406DE8A8E /* Pods-MyMed.release.xcconfig */;
			buildSettings = {
				ASSETCATALOG_COMPILER_APPICON_NAME = AppIcon;
				CODE_SIGN_ENTITLEMENTS = MyMed/MyMed.entitlements;
				CODE_SIGN_STYLE = Automatic;
				DEVELOPMENT_TEAM = U58JJ34DR4;
				INFOPLIST_FILE = MyMed/Info.plist;
				LD_RUNPATH_SEARCH_PATHS = "$(inherited) @executable_path/Frameworks";
				PRODUCT_BUNDLE_IDENTIFIER = com.almasris.MyMed;
				PRODUCT_NAME = "$(TARGET_NAME)";
				SWIFT_VERSION = 4.0;
				TARGETED_DEVICE_FAMILY = "1,2";
			};
			name = Release;
		};
/* End XCBuildConfiguration section */

/* Begin XCConfigurationList section */
		C1FBDDA8204C43BA00D2D0DB /* Build configuration list for PBXProject "GamOn" */ = {
			isa = XCConfigurationList;
			buildConfigurations = (
				C1FBDDC0204C43BA00D2D0DB /* Debug */,
				C1FBDDC1204C43BA00D2D0DB /* Release */,
			);
			defaultConfigurationIsVisible = 0;
			defaultConfigurationName = Release;
		};
		C1FBDDC2204C43BA00D2D0DB /* Build configuration list for PBXNativeTarget "GamOn" */ = {
			isa = XCConfigurationList;
			buildConfigurations = (
				C1FBDDC3204C43BA00D2D0DB /* Debug */,
				C1FBDDC4204C43BA00D2D0DB /* Release */,
			);
			defaultConfigurationIsVisible = 0;
			defaultConfigurationName = Release;
		};
/* End XCConfigurationList section */

/* Begin XCVersionGroup section */
		C1F17B57204E2C60007A07CF /* GamOnModel.xcdatamodeld */ = {
			isa = XCVersionGroup;
			children = (
				C1F17B58204E2C60007A07CF /* GamOnModel.xcdatamodel */,
			);
			currentVersion = C1F17B58204E2C60007A07CF /* GamOnModel.xcdatamodel */;
			path = GamOnModel.xcdatamodeld;
			sourceTree = "<group>";
			versionGroupType = wrapper.xcdatamodel;
		};
/* End XCVersionGroup section */
	};
	rootObject = C1FBDDA5204C43BA00D2D0DB /* Project object */;
}
